
Microsoft Visual Studio Solution File, Format Version 12.00
# Visual Studio Version 16
VisualStudioVersion = 16.0.30907.101
MinimumVisualStudioVersion = 10.0.40219.1
Project("{FAE04EC0-301F-11D3-BF4B-00C04F79EFBC}") = "Tutorial-ConsoleApp-1", "Tutorial-ConsoleApp-1\Tutorial-ConsoleApp-1.csproj", "{DB89042B-3DC8-435C-B653-9EF41B6DD498}"
EndProject
Global
	GlobalSection(SolutionConfigurationPlatforms) = preSolution
		Debug|Any CPU = Debug|Any CPU
		Release|Any CPU = Release|Any CPU
	EndGlobalSection
	GlobalSection(ProjectConfigurationPlatforms) = postSolution
		{DB89042B-3DC8-435C-B653-9EF41B6DD498}.Debug|Any CPU.ActiveCfg = Debug|Any CPU
		{DB89042B-3DC8-435C-B653-9EF41B6DD498}.Debug|Any CPU.Build.0 = Debug|Any CPU
		{DB89042B-3DC8-435C-B653-9EF41B6DD498}.Release|Any CPU.ActiveCfg = Release|Any CPU
		{DB89042B-3DC8-435C-B653-9EF41B6DD498}.Release|Any CPU.Build.0 = Release|Any CPU
	EndGlobalSection
	GlobalSection(SolutionProperties) = preSolution
		HideSolutionNode = FALSE
	EndGlobalSection
	GlobalSection(ExtensibilityGlobals) = postSolution
		SolutionGuid = {9AA14264-F10A-4C06-B33C-5F3225158CB1}
	EndGlobalSection
EndGlobal
